
Microsoft Visual Studio Solution File, Format Version 12.00
# Visual Studio Version 16
VisualStudioVersion = 16.0.34031.81
MinimumVisualStudioVersion = 10.0.40219.1
Project("{2150E333-8FDC-42A3-9474-1A3956D46DE8}") = "Task0", "Task0", "{E5F053D8-817E-49E5-807D-BA72043C91BF}"
EndProject
Project("{FAE04EC0-301F-11D3-BF4B-00C04F79EFBC}") = "Tyuiu.FaizullinDR.Sprint1.Task0.V0", "Tyuiu.FaizullinDR.Sprint1.Task0.V0\Tyuiu.FaizullinDR.Sprint1.Task0.V0.csproj", "{B75363AF-86A9-44C6-8FFA-210D5C11957D}"
EndProject
Project("{FAE04EC0-301F-11D3-BF4B-00C04F79EFBC}") = "Tyuiu.FaizullinDR.Sprint1.Task0.V0.Lib", "Tyuiu.FaizullinDR.Sprint1.Task0.V0.Lib\Tyuiu.FaizullinDR.Sprint1.Task0.V0.Lib.csproj", "{9634D8FC-2B80-4ED4-AEE7-DF10E64600D3}"
EndProject
Project("{FAE04EC0-301F-11D3-BF4B-00C04F79EFBC}") = "Tyuiu.FaizullinDR.Sprint1.Task0.V0.Test", "Tyuiu.FaizullinDR.Sprint1.Task0.V0.Test\Tyuiu.FaizullinDR.Sprint1.Task0.V0.Test.csproj", "{8ACB3435-C1DB-41A0-8FD5-92813B18519A}"
EndProject
Project("{2150E333-8FDC-42A3-9474-1A3956D46DE8}") = "Task0.Задание", "Task0.Задание", "{9D602005-1397-4BEF-BA37-73856C471812}"
EndProject
Project("{FAE04EC0-301F-11D3-BF4B-00C04F79EFBC}") = "Tyuiu.FaizullinDR.Sprint1.Task0.V4.Test", "Tyuiu.FaizullinDR.Sprint1.Task0.V4\Tyuiu.FaizullinDR.Sprint1.Task0.V4.Test.csproj", "{1301FE53-DBB2-45C4-8130-771B68FAFF0E}"
EndProject
Project("{FAE04EC0-301F-11D3-BF4B-00C04F79EFBC}") = "Tyuiu.FaizullinDR.Sprint1.Task0.V4", "Tyuiu.FaizullinDR.Sprint1.Task0.V43\Tyuiu.FaizullinDR.Sprint1.Task0.V4.csproj", "{6CA8B688-60B4-4ACB-8553-2C5593DEFF46}"
EndProject
Project("{FAE04EC0-301F-11D3-BF4B-00C04F79EFBC}") = "Tyuiu.FaizullinDR.Sprint1.Task0.V4.Lib", "Tyuiu.FaizullinDR.Sprint1.Task0.V4.Lib\Tyuiu.FaizullinDR.Sprint1.Task0.V4.Lib.csproj", "{9B71BB97-5B28-4D5D-B6B6-B8554C0C4A42}"
EndProject
Project("{2150E333-8FDC-42A3-9474-1A3956D46DE8}") = "Task1", "Task1", "{94E45C0D-42B0-4669-91B8-557F53877259}"
EndProject
Project("{FAE04EC0-301F-11D3-BF4B-00C04F79EFBC}") = "Tyuiu.FaizullinDR.Sprint1.Task1.V0", "Tyuiu.FaizullinDR.Sprint1.Task1.V0\Tyuiu.FaizullinDR.Sprint1.Task1.V0.csproj", "{DFAC2FF0-0AA8-472A-9D62-DADDAE28F510}"
EndProject
Project("{FAE04EC0-301F-11D3-BF4B-00C04F79EFBC}") = "Tyuiu.FaizullinDR.Sprint1.Task1.V0.Lib", "Tyuiu.FaizullinDR.Sprint1.Task1.V0.Lib\Tyuiu.FaizullinDR.Sprint1.Task1.V0.Lib.csproj", "{E028D199-44DB-45A7-BD94-FEA6E78DD7DD}"
EndProject
Project("{FAE04EC0-301F-11D3-BF4B-00C04F79EFBC}") = "Tyuiu.FaizullinDR.Sprint1.Task1.V0.Test", "Tyuiu.FaizullinDR.Sprint1.Task1.V0.Test\Tyuiu.FaizullinDR.Sprint1.Task1.V0.Test.csproj", "{4E002CF8-5BB5-43E7-AB15-A91DD42F1C2B}"
EndProject
Project("{FAE04EC0-301F-11D3-BF4B-00C04F79EFBC}") = "2", "2\2.csproj", "{ABCB1F39-0336-4FF9-BDD3-727D9074A7BF}"
EndProject
Project("{2150E333-8FDC-42A3-9474-1A3956D46DE8}") = "Task1.Задание", "Task1.Задание", "{D26F4FC1-8E2D-4CD8-A0B3-7F8A0CB5D6D9}"
EndProject
Project("{FAE04EC0-301F-11D3-BF4B-00C04F79EFBC}") = "Tyuiu.FaizullinDR.Sprint1.Task1.V13", "Tyuiu.FaizullinDR.Sprint1.Task1(Задание).V13\Tyuiu.FaizullinDR.Sprint1.Task1.V13.csproj", "{3AD91E95-23C2-4832-8A54-BB43001C407E}"
EndProject
Project("{FAE04EC0-301F-11D3-BF4B-00C04F79EFBC}") = "Tyuiu.FaizullinDR.Sprint1.Task1.V13.Lib", "Tyuiu.FaizullinDR.Sprint1.Task1(Задание).V13.Lib\Tyuiu.FaizullinDR.Sprint1.Task1.V13.Lib.csproj", "{F229CA64-97BF-4263-8BAA-D3247E5477BD}"
EndProject
Project("{FAE04EC0-301F-11D3-BF4B-00C04F79EFBC}") = "Tyuiu.FaizullinDR.Sprint1.Task1.V13.Test", "Tyuiu.FaizullinDR.Sprint1.Task1(Задание).V13.Test\Tyuiu.FaizullinDR.Sprint1.Task1.V13.Test.csproj", "{19A787D0-DDCC-4C6C-8E80-3484A30E7C49}"
EndProject
Project("{2150E333-8FDC-42A3-9474-1A3956D46DE8}") = "Task2", "Task2", "{65B33CDD-62A5-48F0-92F6-53911A090F05}"
EndProject
Project("{FAE04EC0-301F-11D3-BF4B-00C04F79EFBC}") = "Tyuiu.FaizullinDR.Sprint1.Task2.V0", "Tyuiu.FaizullinDR.Sprint1.Task2.V0\Tyuiu.FaizullinDR.Sprint1.Task2.V0.csproj", "{77267203-1A2F-47FB-ABAE-CB900DC08A03}"
EndProject
Project("{FAE04EC0-301F-11D3-BF4B-00C04F79EFBC}") = "Tyuiu.FaizullinDR.Sprint1.Task2.V0.Lib", "Tyuiu.FaizullinDR.Sprint1.Task2.V0.Lib\Tyuiu.FaizullinDR.Sprint1.Task2.V0.Lib.csproj", "{3A03F7B9-111A-46B3-AF0A-E6C406C709CE}"
EndProject
Project("{FAE04EC0-301F-11D3-BF4B-00C04F79EFBC}") = "Tyuiu.FaizullinDR.Sprint1.Task2.V0.Test", "Tyuiu.FaizullinDR.Sprint1.Task2.V0.Test\Tyuiu.FaizullinDR.Sprint1.Task2.V0.Test.csproj", "{F00BDEDF-23C1-451B-A765-1321EA7CB99F}"
EndProject
Project("{2150E333-8FDC-42A3-9474-1A3956D46DE8}") = "Task3", "Task3", "{0983F29D-2306-47A3-8D0F-64F70D0EB29B}"
EndProject
Project("{FAE04EC0-301F-11D3-BF4B-00C04F79EFBC}") = "Tyuiu.FaizullinDR.Sprint1.Task3.V5", "Tyuiu.FaizullinDR.Sprint1.Task3.V5\Tyuiu.FaizullinDR.Sprint1.Task3.V5.csproj", "{68D505F3-4F21-4D27-B262-0F3BB283D46E}"
EndProject
Project("{FAE04EC0-301F-11D3-BF4B-00C04F79EFBC}") = "Tyuiu.FaizullinDR.Sprint1.Task3.V5.Lib", "Tyuiu.FaizullinDR.Sprint1.Task3.V5.Lib\Tyuiu.FaizullinDR.Sprint1.Task3.V5.Lib.csproj", "{83C0830F-F9A2-4804-B930-7D35353C96AA}"
EndProject
Project("{FAE04EC0-301F-11D3-BF4B-00C04F79EFBC}") = "Tyuiu.FaizullinDR.Sprint1.Task3.V5.Test", "Tyuiu.FaizullinDR.Sprint1.Task3.V5.Test\Tyuiu.FaizullinDR.Sprint1.Task3.V5.Test.csproj", "{66B6882B-DC59-462C-880E-11CD487D999D}"
EndProject
Project("{2150E333-8FDC-42A3-9474-1A3956D46DE8}") = "Task4", "Task4", "{161A9F4A-EFC0-41D4-A7A8-054C3E7F0579}"
EndProject
Project("{FAE04EC0-301F-11D3-BF4B-00C04F79EFBC}") = "Tyuiu.FaizullinDR.Sprint1.Task4.V20", "Tyuiu.FaizullinDR.Sprint1.Task4.V20\Tyuiu.FaizullinDR.Sprint1.Task4.V20.csproj", "{88DB1F55-2190-481E-B617-45A85521717C}"
EndProject
Project("{FAE04EC0-301F-11D3-BF4B-00C04F79EFBC}") = "Tyuiu.FaizullinDR.Sprint1.Task4.V20.Lib", "Tyuiu.FaizullinDR.Sprint1.Task4.V20.Lib\Tyuiu.FaizullinDR.Sprint1.Task4.V20.Lib.csproj", "{5125CC36-5E11-4ECB-90C1-FA3DC843142F}"
EndProject
Project("{FAE04EC0-301F-11D3-BF4B-00C04F79EFBC}") = "Tyuiu.FaizullinDR.Sprint1.Task4.V20.Test", "Tyuiu.FaizullinDR.Sprint1.Task4.V20.Test\Tyuiu.FaizullinDR.Sprint1.Task4.V20.Test.csproj", "{94FE64DB-C88D-4D93-8B68-FD8CE197C24C}"
EndProject
Project("{2150E333-8FDC-42A3-9474-1A3956D46DE8}") = "Task5", "Task5", "{741EEEF1-EF94-42C6-B813-9A1612EFF9EA}"
EndProject
Project("{FAE04EC0-301F-11D3-BF4B-00C04F79EFBC}") = "Tyuiu.FaizullinDR.Sprint1.Task5.V4", "Tyuiu.FaizullinDR.Sprint1.Task5.V4\Tyuiu.FaizullinDR.Sprint1.Task5.V4.csproj", "{22D61FB9-C68B-40E9-A8CE-97757638DE93}"
EndProject
Project("{FAE04EC0-301F-11D3-BF4B-00C04F79EFBC}") = "Tyuiu.FaizullinDR.Sprint1.Task5.V4.Lib", "Tyuiu.FaizullinDR.Sprint1.Task5.V4.Lib\Tyuiu.FaizullinDR.Sprint1.Task5.V4.Lib.csproj", "{119648A7-0F2D-48C8-B1B0-0112338E77F1}"
EndProject
Project("{FAE04EC0-301F-11D3-BF4B-00C04F79EFBC}") = "Tyuiu.FaizullinDR.Sprint1.Task5.V4.Test", "Tyuiu.FaizullinDR.Sprint1.Task5.V4.Test\Tyuiu.FaizullinDR.Sprint1.Task5.V4.Test.csproj", "{67DD303C-6690-47DB-97F0-CFCA865FDCF2}"
EndProject
Project("{2150E333-8FDC-42A3-9474-1A3956D46DE8}") = "qwerty", "qwerty", "{D85D0664-8A41-41A1-BE74-F56C9CFD3144}"
EndProject
Project("{FAE04EC0-301F-11D3-BF4B-00C04F79EFBC}") = "qwerty", "qwerty\qwerty.csproj", "{8E41B9D9-B54C-4873-8DE6-FFD51555FF08}"
EndProject
Global
	GlobalSection(SolutionConfigurationPlatforms) = preSolution
		Debug|Any CPU = Debug|Any CPU
		Release|Any CPU = Release|Any CPU
	EndGlobalSection
	GlobalSection(ProjectConfigurationPlatforms) = postSolution
		{B75363AF-86A9-44C6-8FFA-210D5C11957D}.Debug|Any CPU.ActiveCfg = Debug|Any CPU
		{B75363AF-86A9-44C6-8FFA-210D5C11957D}.Debug|Any CPU.Build.0 = Debug|Any CPU
		{B75363AF-86A9-44C6-8FFA-210D5C11957D}.Release|Any CPU.ActiveCfg = Release|Any CPU
		{B75363AF-86A9-44C6-8FFA-210D5C11957D}.Release|Any CPU.Build.0 = Release|Any CPU
		{9634D8FC-2B80-4ED4-AEE7-DF10E64600D3}.Debug|Any CPU.ActiveCfg = Debug|Any CPU
		{9634D8FC-2B80-4ED4-AEE7-DF10E64600D3}.Debug|Any CPU.Build.0 = Debug|Any CPU
		{9634D8FC-2B80-4ED4-AEE7-DF10E64600D3}.Release|Any CPU.ActiveCfg = Release|Any CPU
		{9634D8FC-2B80-4ED4-AEE7-DF10E64600D3}.Release|Any CPU.Build.0 = Release|Any CPU
		{8ACB3435-C1DB-41A0-8FD5-92813B18519A}.Debug|Any CPU.ActiveCfg = Debug|Any CPU
		{8ACB3435-C1DB-41A0-8FD5-92813B18519A}.Debug|Any CPU.Build.0 = Debug|Any CPU
		{8ACB3435-C1DB-41A0-8FD5-92813B18519A}.Release|Any CPU.ActiveCfg = Release|Any CPU
		{8ACB3435-C1DB-41A0-8FD5-92813B18519A}.Release|Any CPU.Build.0 = Release|Any CPU
		{1301FE53-DBB2-45C4-8130-771B68FAFF0E}.Debug|Any CPU.ActiveCfg = Debug|Any CPU
		{1301FE53-DBB2-45C4-8130-771B68FAFF0E}.Debug|Any CPU.Build.0 = Debug|Any CPU
		{1301FE53-DBB2-45C4-8130-771B68FAFF0E}.Release|Any CPU.ActiveCfg = Release|Any CPU
		{1301FE53-DBB2-45C4-8130-771B68FAFF0E}.Release|Any CPU.Build.0 = Release|Any CPU
		{6CA8B688-60B4-4ACB-8553-2C5593DEFF46}.Debug|Any CPU.ActiveCfg = Debug|Any CPU
		{6CA8B688-60B4-4ACB-8553-2C5593DEFF46}.Debug|Any CPU.Build.0 = Debug|Any CPU
		{6CA8B688-60B4-4ACB-8553-2C5593DEFF46}.Release|Any CPU.ActiveCfg = Release|Any CPU
		{6CA8B688-60B4-4ACB-8553-2C5593DEFF46}.Release|Any CPU.Build.0 = Release|Any CPU
		{9B71BB97-5B28-4D5D-B6B6-B8554C0C4A42}.Debug|Any CPU.ActiveCfg = Debug|Any CPU
		{9B71BB97-5B28-4D5D-B6B6-B8554C0C4A42}.Debug|Any CPU.Build.0 = Debug|Any CPU
		{9B71BB97-5B28-4D5D-B6B6-B8554C0C4A42}.Release|Any CPU.ActiveCfg = Release|Any CPU
		{9B71BB97-5B28-4D5D-B6B6-B8554C0C4A42}.Release|Any CPU.Build.0 = Release|Any CPU
		{DFAC2FF0-0AA8-472A-9D62-DADDAE28F510}.Debug|Any CPU.ActiveCfg = Debug|Any CPU
		{DFAC2FF0-0AA8-472A-9D62-DADDAE28F510}.Debug|Any CPU.Build.0 = Debug|Any CPU
		{DFAC2FF0-0AA8-472A-9D62-DADDAE28F510}.Release|Any CPU.ActiveCfg = Release|Any CPU
		{DFAC2FF0-0AA8-472A-9D62-DADDAE28F510}.Release|Any CPU.Build.0 = Release|Any CPU
		{E028D199-44DB-45A7-BD94-FEA6E78DD7DD}.Debug|Any CPU.ActiveCfg = Debug|Any CPU
		{E028D199-44DB-45A7-BD94-FEA6E78DD7DD}.Debug|Any CPU.Build.0 = Debug|Any CPU
		{E028D199-44DB-45A7-BD94-FEA6E78DD7DD}.Release|Any CPU.ActiveCfg = Release|Any CPU
		{E028D199-44DB-45A7-BD94-FEA6E78DD7DD}.Release|Any CPU.Build.0 = Release|Any CPU
		{4E002CF8-5BB5-43E7-AB15-A91DD42F1C2B}.Debug|Any CPU.ActiveCfg = Debug|Any CPU
		{4E002CF8-5BB5-43E7-AB15-A91DD42F1C2B}.Debug|Any CPU.Build.0 = Debug|Any CPU
		{4E002CF8-5BB5-43E7-AB15-A91DD42F1C2B}.Release|Any CPU.ActiveCfg = Release|Any CPU
		{4E002CF8-5BB5-43E7-AB15-A91DD42F1C2B}.Release|Any CPU.Build.0 = Release|Any CPU
		{ABCB1F39-0336-4FF9-BDD3-727D9074A7BF}.Debug|Any CPU.ActiveCfg = Debug|Any CPU
		{ABCB1F39-0336-4FF9-BDD3-727D9074A7BF}.Debug|Any CPU.Build.0 = Debug|Any CPU
		{ABCB1F39-0336-4FF9-BDD3-727D9074A7BF}.Release|Any CPU.ActiveCfg = Release|Any CPU
		{ABCB1F39-0336-4FF9-BDD3-727D9074A7BF}.Release|Any CPU.Build.0 = Release|Any CPU
		{3AD91E95-23C2-4832-8A54-BB43001C407E}.Debug|Any CPU.ActiveCfg = Debug|Any CPU
		{3AD91E95-23C2-4832-8A54-BB43001C407E}.Debug|Any CPU.Build.0 = Debug|Any CPU
		{3AD91E95-23C2-4832-8A54-BB43001C407E}.Release|Any CPU.ActiveCfg = Release|Any CPU
		{3AD91E95-23C2-4832-8A54-BB43001C407E}.Release|Any CPU.Build.0 = Release|Any CPU
		{F229CA64-97BF-4263-8BAA-D3247E5477BD}.Debug|Any CPU.ActiveCfg = Debug|Any CPU
		{F229CA64-97BF-4263-8BAA-D3247E5477BD}.Debug|Any CPU.Build.0 = Debug|Any CPU
		{F229CA64-97BF-4263-8BAA-D3247E5477BD}.Release|Any CPU.ActiveCfg = Release|Any CPU
		{F229CA64-97BF-4263-8BAA-D3247E5477BD}.Release|Any CPU.Build.0 = Release|Any CPU
		{19A787D0-DDCC-4C6C-8E80-3484A30E7C49}.Debug|Any CPU.ActiveCfg = Debug|Any CPU
		{19A787D0-DDCC-4C6C-8E80-3484A30E7C49}.Debug|Any CPU.Build.0 = Debug|Any CPU
		{19A787D0-DDCC-4C6C-8E80-3484A30E7C49}.Release|Any CPU.ActiveCfg = Release|Any CPU
		{19A787D0-DDCC-4C6C-8E80-3484A30E7C49}.Release|Any CPU.Build.0 = Release|Any CPU
		{77267203-1A2F-47FB-ABAE-CB900DC08A03}.Debug|Any CPU.ActiveCfg = Debug|Any CPU
		{77267203-1A2F-47FB-ABAE-CB900DC08A03}.Debug|Any CPU.Build.0 = Debug|Any CPU
		{77267203-1A2F-47FB-ABAE-CB900DC08A03}.Release|Any CPU.ActiveCfg = Release|Any CPU
		{77267203-1A2F-47FB-ABAE-CB900DC08A03}.Release|Any CPU.Build.0 = Release|Any CPU
		{3A03F7B9-111A-46B3-AF0A-E6C406C709CE}.Debug|Any CPU.ActiveCfg = Debug|Any CPU
		{3A03F7B9-111A-46B3-AF0A-E6C406C709CE}.Debug|Any CPU.Build.0 = Debug|Any CPU
		{3A03F7B9-111A-46B3-AF0A-E6C406C709CE}.Release|Any CPU.ActiveCfg = Release|Any CPU
		{3A03F7B9-111A-46B3-AF0A-E6C406C709CE}.Release|Any CPU.Build.0 = Release|Any CPU
		{F00BDEDF-23C1-451B-A765-1321EA7CB99F}.Debug|Any CPU.ActiveCfg = Debug|Any CPU
		{F00BDEDF-23C1-451B-A765-1321EA7CB99F}.Debug|Any CPU.Build.0 = Debug|Any CPU
		{F00BDEDF-23C1-451B-A765-1321EA7CB99F}.Release|Any CPU.ActiveCfg = Release|Any CPU
		{F00BDEDF-23C1-451B-A765-1321EA7CB99F}.Release|Any CPU.Build.0 = Release|Any CPU
		{68D505F3-4F21-4D27-B262-0F3BB283D46E}.Debug|Any CPU.ActiveCfg = Debug|Any CPU
		{68D505F3-4F21-4D27-B262-0F3BB283D46E}.Debug|Any CPU.Build.0 = Debug|Any CPU
		{68D505F3-4F21-4D27-B262-0F3BB283D46E}.Release|Any CPU.ActiveCfg = Release|Any CPU
		{68D505F3-4F21-4D27-B262-0F3BB283D46E}.Release|Any CPU.Build.0 = Release|Any CPU
		{83C0830F-F9A2-4804-B930-7D35353C96AA}.Debug|Any CPU.ActiveCfg = Debug|Any CPU
		{83C0830F-F9A2-4804-B930-7D35353C96AA}.Debug|Any CPU.Build.0 = Debug|Any CPU
		{83C0830F-F9A2-4804-B930-7D35353C96AA}.Release|Any CPU.ActiveCfg = Release|Any CPU
		{83C0830F-F9A2-4804-B930-7D35353C96AA}.Release|Any CPU.Build.0 = Release|Any CPU
		{66B6882B-DC59-462C-880E-11CD487D999D}.Debug|Any CPU.ActiveCfg = Debug|Any CPU
		{66B6882B-DC59-462C-880E-11CD487D999D}.Debug|Any CPU.Build.0 = Debug|Any CPU
		{66B6882B-DC59-462C-880E-11CD487D999D}.Release|Any CPU.ActiveCfg = Release|Any CPU
		{66B6882B-DC59-462C-880E-11CD487D999D}.Release|Any CPU.Build.0 = Release|Any CPU
		{88DB1F55-2190-481E-B617-45A85521717C}.Debug|Any CPU.ActiveCfg = Debug|Any CPU
		{88DB1F55-2190-481E-B617-45A85521717C}.Debug|Any CPU.Build.0 = Debug|Any CPU
		{88DB1F55-2190-481E-B617-45A85521717C}.Release|Any CPU.ActiveCfg = Release|Any CPU
		{88DB1F55-2190-481E-B617-45A85521717C}.Release|Any CPU.Build.0 = Release|Any CPU
		{5125CC36-5E11-4ECB-90C1-FA3DC843142F}.Debug|Any CPU.ActiveCfg = Debug|Any CPU
		{5125CC36-5E11-4ECB-90C1-FA3DC843142F}.Debug|Any CPU.Build.0 = Debug|Any CPU
		{5125CC36-5E11-4ECB-90C1-FA3DC843142F}.Release|Any CPU.ActiveCfg = Release|Any CPU
		{5125CC36-5E11-4ECB-90C1-FA3DC843142F}.Release|Any CPU.Build.0 = Release|Any CPU
		{94FE64DB-C88D-4D93-8B68-FD8CE197C24C}.Debug|Any CPU.ActiveCfg = Debug|Any CPU
		{94FE64DB-C88D-4D93-8B68-FD8CE197C24C}.Debug|Any CPU.Build.0 = Debug|Any CPU
		{94FE64DB-C88D-4D93-8B68-FD8CE197C24C}.Release|Any CPU.ActiveCfg = Release|Any CPU
		{94FE64DB-C88D-4D93-8B68-FD8CE197C24C}.Release|Any CPU.Build.0 = Release|Any CPU
		{22D61FB9-C68B-40E9-A8CE-97757638DE93}.Debug|Any CPU.ActiveCfg = Debug|Any CPU
		{22D61FB9-C68B-40E9-A8CE-97757638DE93}.Debug|Any CPU.Build.0 = Debug|Any CPU
		{22D61FB9-C68B-40E9-A8CE-97757638DE93}.Release|Any CPU.ActiveCfg = Release|Any CPU
		{22D61FB9-C68B-40E9-A8CE-97757638DE93}.Release|Any CPU.Build.0 = Release|Any CPU
		{119648A7-0F2D-48C8-B1B0-0112338E77F1}.Debug|Any CPU.ActiveCfg = Debug|Any CPU
		{119648A7-0F2D-48C8-B1B0-0112338E77F1}.Debug|Any CPU.Build.0 = Debug|Any CPU
		{119648A7-0F2D-48C8-B1B0-0112338E77F1}.Release|Any CPU.ActiveCfg = Release|Any CPU
		{119648A7-0F2D-48C8-B1B0-0112338E77F1}.Release|Any CPU.Build.0 = Release|Any CPU
		{67DD303C-6690-47DB-97F0-CFCA865FDCF2}.Debug|Any CPU.ActiveCfg = Debug|Any CPU
		{67DD303C-6690-47DB-97F0-CFCA865FDCF2}.Debug|Any CPU.Build.0 = Debug|Any CPU
		{67DD303C-6690-47DB-97F0-CFCA865FDCF2}.Release|Any CPU.ActiveCfg = Release|Any CPU
		{67DD303C-6690-47DB-97F0-CFCA865FDCF2}.Release|Any CPU.Build.0 = Release|Any CPU
		{8E41B9D9-B54C-4873-8DE6-FFD51555FF08}.Debug|Any CPU.ActiveCfg = Debug|Any CPU
		{8E41B9D9-B54C-4873-8DE6-FFD51555FF08}.Debug|Any CPU.Build.0 = Debug|Any CPU
		{8E41B9D9-B54C-4873-8DE6-FFD51555FF08}.Release|Any CPU.ActiveCfg = Release|Any CPU
		{8E41B9D9-B54C-4873-8DE6-FFD51555FF08}.Release|Any CPU.Build.0 = Release|Any CPU
	EndGlobalSection
	GlobalSection(SolutionProperties) = preSolution
		HideSolutionNode = FALSE
	EndGlobalSection
	GlobalSection(NestedProjects) = preSolution
		{B75363AF-86A9-44C6-8FFA-210D5C11957D} = {E5F053D8-817E-49E5-807D-BA72043C91BF}
		{9634D8FC-2B80-4ED4-AEE7-DF10E64600D3} = {E5F053D8-817E-49E5-807D-BA72043C91BF}
		{8ACB3435-C1DB-41A0-8FD5-92813B18519A} = {E5F053D8-817E-49E5-807D-BA72043C91BF}
		{1301FE53-DBB2-45C4-8130-771B68FAFF0E} = {9D602005-1397-4BEF-BA37-73856C471812}
		{6CA8B688-60B4-4ACB-8553-2C5593DEFF46} = {9D602005-1397-4BEF-BA37-73856C471812}
		{9B71BB97-5B28-4D5D-B6B6-B8554C0C4A42} = {9D602005-1397-4BEF-BA37-73856C471812}
		{DFAC2FF0-0AA8-472A-9D62-DADDAE28F510} = {94E45C0D-42B0-4669-91B8-557F53877259}
		{E028D199-44DB-45A7-BD94-FEA6E78DD7DD} = {94E45C0D-42B0-4669-91B8-557F53877259}
		{4E002CF8-5BB5-43E7-AB15-A91DD42F1C2B} = {94E45C0D-42B0-4669-91B8-557F53877259}
		{ABCB1F39-0336-4FF9-BDD3-727D9074A7BF} = {94E45C0D-42B0-4669-91B8-557F53877259}
		{3AD91E95-23C2-4832-8A54-BB43001C407E} = {D26F4FC1-8E2D-4CD8-A0B3-7F8A0CB5D6D9}
		{F229CA64-97BF-4263-8BAA-D3247E5477BD} = {D26F4FC1-8E2D-4CD8-A0B3-7F8A0CB5D6D9}
		{19A787D0-DDCC-4C6C-8E80-3484A30E7C49} = {D26F4FC1-8E2D-4CD8-A0B3-7F8A0CB5D6D9}
		{77267203-1A2F-47FB-ABAE-CB900DC08A03} = {65B33CDD-62A5-48F0-92F6-53911A090F05}
		{3A03F7B9-111A-46B3-AF0A-E6C406C709CE} = {65B33CDD-62A5-48F0-92F6-53911A090F05}
		{F00BDEDF-23C1-451B-A765-1321EA7CB99F} = {65B33CDD-62A5-48F0-92F6-53911A090F05}
		{68D505F3-4F21-4D27-B262-0F3BB283D46E} = {0983F29D-2306-47A3-8D0F-64F70D0EB29B}
		{83C0830F-F9A2-4804-B930-7D35353C96AA} = {0983F29D-2306-47A3-8D0F-64F70D0EB29B}
		{66B6882B-DC59-462C-880E-11CD487D999D} = {0983F29D-2306-47A3-8D0F-64F70D0EB29B}
		{88DB1F55-2190-481E-B617-45A85521717C} = {161A9F4A-EFC0-41D4-A7A8-054C3E7F0579}
		{5125CC36-5E11-4ECB-90C1-FA3DC843142F} = {161A9F4A-EFC0-41D4-A7A8-054C3E7F0579}
		{94FE64DB-C88D-4D93-8B68-FD8CE197C24C} = {161A9F4A-EFC0-41D4-A7A8-054C3E7F0579}
		{22D61FB9-C68B-40E9-A8CE-97757638DE93} = {741EEEF1-EF94-42C6-B813-9A1612EFF9EA}
		{119648A7-0F2D-48C8-B1B0-0112338E77F1} = {741EEEF1-EF94-42C6-B813-9A1612EFF9EA}
		{67DD303C-6690-47DB-97F0-CFCA865FDCF2} = {741EEEF1-EF94-42C6-B813-9A1612EFF9EA}
		{8E41B9D9-B54C-4873-8DE6-FFD51555FF08} = {D85D0664-8A41-41A1-BE74-F56C9CFD3144}
	EndGlobalSection
	GlobalSection(ExtensibilityGlobals) = postSolution
		SolutionGuid = {4571A0BF-0B2A-4CA8-9563-4614303817A1}
	EndGlobalSection
EndGlobal
